Microsoft Visual Studio Solution File, Format Version 11.00
# Visual Studio 2008

Project("{EC8F5800-E5A7-6411-176A-0F2CD1E59396}") = "VRProjectProto_update", "Assembly-CSharp-firstpass.csproj", "{E79FB35C-EA08-1702-8FDE-19AB824BDF23}"
EndProject
Project("{EC8F5800-E5A7-6411-176A-0F2CD1E59396}") = "VRProjectProto_update", "Assembly-CSharp.csproj", "{AC7B8A15-5AFA-62B6-D213-812100A43DA4}"
EndProject
Project("{EC8F5800-E5A7-6411-176A-0F2CD1E59396}") = "VRProjectProto_update", "Assembly-CSharp-Editor.csproj", "{D24E58C1-B770-F542-072C-43FD278F09CB}"
EndProject
Global
	GlobalSection(SolutionConfigurationPlatforms) = preSolution
		Debug|Any CPU = Debug|Any CPU
		Release|Any CPU = Release|Any CPU
	EndGlobalSection
	GlobalSection(ProjectConfigurationPlatforms) = postSolution
		{E79FB35C-EA08-1702-8FDE-19AB824BDF23}.Debug|Any CPU.ActiveCfg = Debug|Any CPU
		{E79FB35C-EA08-1702-8FDE-19AB824BDF23}.Debug|Any CPU.Build.0 = Debug|Any CPU
		{E79FB35C-EA08-1702-8FDE-19AB824BDF23}.Release|Any CPU.ActiveCfg = Release|Any CPU
		{E79FB35C-EA08-1702-8FDE-19AB824BDF23}.Release|Any CPU.Build.0 = Release|Any CPU
		{AC7B8A15-5AFA-62B6-D213-812100A43DA4}.Debug|Any CPU.ActiveCfg = Debug|Any CPU
		{AC7B8A15-5AFA-62B6-D213-812100A43DA4}.Debug|Any CPU.Build.0 = Debug|Any CPU
		{AC7B8A15-5AFA-62B6-D213-812100A43DA4}.Release|Any CPU.ActiveCfg = Release|Any CPU
		{AC7B8A15-5AFA-62B6-D213-812100A43DA4}.Release|Any CPU.Build.0 = Release|Any CPU
		{D24E58C1-B770-F542-072C-43FD278F09CB}.Debug|Any CPU.ActiveCfg = Debug|Any CPU
		{D24E58C1-B770-F542-072C-43FD278F09CB}.Debug|Any CPU.Build.0 = Debug|Any CPU
		{D24E58C1-B770-F542-072C-43FD278F09CB}.Release|Any CPU.ActiveCfg = Release|Any CPU
		{D24E58C1-B770-F542-072C-43FD278F09CB}.Release|Any CPU.Build.0 = Release|Any CPU
	EndGlobalSection
	GlobalSection(SolutionProperties) = preSolution
		HideSolutionNode = FALSE
	EndGlobalSection
	GlobalSection(MonoDevelopProperties) = preSolution
		StartupItem = Assembly-CSharp.csproj
	EndGlobalSection
EndGlobal
